
Microsoft Visual Studio Solution File, Format Version 12.00
# Visual Studio Version 17
VisualStudioVersion = 17.3.32929.385
MinimumVisualStudioVersion = 10.0.40219.1
Project("{FAE04EC0-301F-11D3-BF4B-00C04F79EFBC}") = "LuchininAlexey.DemoHospital", "LuchininAlexey.DemoHospital\LuchininAlexey.DemoHospital.csproj", "{3E48A4AB-E41D-4E9A-A570-341C9CD61F6B}"
EndProject
Global
	GlobalSection(SolutionConfigurationPlatforms) = preSolution
		Debug|Any CPU = Debug|Any CPU
		Release|Any CPU = Release|Any CPU
	EndGlobalSection
	GlobalSection(ProjectConfigurationPlatforms) = postSolution
		{3E48A4AB-E41D-4E9A-A570-341C9CD61F6B}.Debug|Any CPU.ActiveCfg = Debug|Any CPU
		{3E48A4AB-E41D-4E9A-A570-341C9CD61F6B}.Debug|Any CPU.Build.0 = Debug|Any CPU
		{3E48A4AB-E41D-4E9A-A570-341C9CD61F6B}.Release|Any CPU.ActiveCfg = Release|Any CPU
		{3E48A4AB-E41D-4E9A-A570-341C9CD61F6B}.Release|Any CPU.Build.0 = Release|Any CPU
	EndGlobalSection
	GlobalSection(SolutionProperties) = preSolution
		HideSolutionNode = FALSE
	EndGlobalSection
	GlobalSection(ExtensibilityGlobals) = postSolution
		SolutionGuid = {E8A370E7-A7DC-4910-9837-107FF02BB688}
	EndGlobalSection
EndGlobal
